
Microsoft Visual Studio Solution File, Format Version 12.00
# Visual Studio Version 17
VisualStudioVersion = 17.5.33502.453
MinimumVisualStudioVersion = 10.0.40219.1
Project("{9A19103F-16F7-4668-BE54-9A1E7A4F7556}") = "UpStorage.Infrastructure", "UpStorage.Infrastructure\UpStorage.Infrastructure.csproj", "{91ABE411-0ED1-4157-A9D8-076DD7DBF56C}"
EndProject
Project("{9A19103F-16F7-4668-BE54-9A1E7A4F7556}") = "UpStorage.WebApi", "UpStorage.WebApi\UpStorage.WebApi.csproj", "{7CE079BD-9E79-4C3A-A4EE-B1C27368767D}"
EndProject
Project("{9A19103F-16F7-4668-BE54-9A1E7A4F7556}") = "UpStorage.Crawler", "UpStorage.Crawler\UpStorage.Crawler.csproj", "{43FE8F1A-F038-43F3-80A7-C62DD1CA687B}"
EndProject
Project("{9A19103F-16F7-4668-BE54-9A1E7A4F7556}") = "UpStorage.Wasm", "UpStorage.Wasm\UpStorage.Wasm.csproj", "{4C572A88-4FDF-4272-9DE1-B615604F19DE}"
EndProject
Project("{9A19103F-16F7-4668-BE54-9A1E7A4F7556}") = "UpStorage.Domain", "UpStorage.Domain\UpStorage.Domain.csproj", "{81A9E39C-6BA7-4D50-BEEB-854388E2E382}"
EndProject
Project("{FAE04EC0-301F-11D3-BF4B-00C04F79EFBC}") = "UpStorage.CrawlerService", "UpStorage.CrawlerService\UpStorage.CrawlerService.csproj", "{95F76CEF-E545-43B4-8828-D2B55F8252B3}"
EndProject
Global
	GlobalSection(SolutionConfigurationPlatforms) = preSolution
		Debug|Any CPU = Debug|Any CPU
		Release|Any CPU = Release|Any CPU
	EndGlobalSection
	GlobalSection(ProjectConfigurationPlatforms) = postSolution
		{91ABE411-0ED1-4157-A9D8-076DD7DBF56C}.Debug|Any CPU.ActiveCfg = Debug|Any CPU
		{91ABE411-0ED1-4157-A9D8-076DD7DBF56C}.Debug|Any CPU.Build.0 = Debug|Any CPU
		{91ABE411-0ED1-4157-A9D8-076DD7DBF56C}.Release|Any CPU.ActiveCfg = Release|Any CPU
		{91ABE411-0ED1-4157-A9D8-076DD7DBF56C}.Release|Any CPU.Build.0 = Release|Any CPU
		{7CE079BD-9E79-4C3A-A4EE-B1C27368767D}.Debug|Any CPU.ActiveCfg = Debug|Any CPU
		{7CE079BD-9E79-4C3A-A4EE-B1C27368767D}.Debug|Any CPU.Build.0 = Debug|Any CPU
		{7CE079BD-9E79-4C3A-A4EE-B1C27368767D}.Release|Any CPU.ActiveCfg = Release|Any CPU
		{7CE079BD-9E79-4C3A-A4EE-B1C27368767D}.Release|Any CPU.Build.0 = Release|Any CPU
		{43FE8F1A-F038-43F3-80A7-C62DD1CA687B}.Debug|Any CPU.ActiveCfg = Debug|Any CPU
		{43FE8F1A-F038-43F3-80A7-C62DD1CA687B}.Debug|Any CPU.Build.0 = Debug|Any CPU
		{43FE8F1A-F038-43F3-80A7-C62DD1CA687B}.Release|Any CPU.ActiveCfg = Release|Any CPU
		{43FE8F1A-F038-43F3-80A7-C62DD1CA687B}.Release|Any CPU.Build.0 = Release|Any CPU
		{4C572A88-4FDF-4272-9DE1-B615604F19DE}.Debug|Any CPU.ActiveCfg = Debug|Any CPU
		{4C572A88-4FDF-4272-9DE1-B615604F19DE}.Debug|Any CPU.Build.0 = Debug|Any CPU
		{4C572A88-4FDF-4272-9DE1-B615604F19DE}.Release|Any CPU.ActiveCfg = Release|Any CPU
		{4C572A88-4FDF-4272-9DE1-B615604F19DE}.Release|Any CPU.Build.0 = Release|Any CPU
		{81A9E39C-6BA7-4D50-BEEB-854388E2E382}.Debug|Any CPU.ActiveCfg = Debug|Any CPU
		{81A9E39C-6BA7-4D50-BEEB-854388E2E382}.Debug|Any CPU.Build.0 = Debug|Any CPU
		{81A9E39C-6BA7-4D50-BEEB-854388E2E382}.Release|Any CPU.ActiveCfg = Release|Any CPU
		{81A9E39C-6BA7-4D50-BEEB-854388E2E382}.Release|Any CPU.Build.0 = Release|Any CPU
		{95F76CEF-E545-43B4-8828-D2B55F8252B3}.Debug|Any CPU.ActiveCfg = Debug|Any CPU
		{95F76CEF-E545-43B4-8828-D2B55F8252B3}.Debug|Any CPU.Build.0 = Debug|Any CPU
		{95F76CEF-E545-43B4-8828-D2B55F8252B3}.Release|Any CPU.ActiveCfg = Release|Any CPU
		{95F76CEF-E545-43B4-8828-D2B55F8252B3}.Release|Any CPU.Build.0 = Release|Any CPU
	EndGlobalSection
	GlobalSection(SolutionProperties) = preSolution
		HideSolutionNode = FALSE
	EndGlobalSection
	GlobalSection(ExtensibilityGlobals) = postSolution
		SolutionGuid = {163D966C-174E-4E58-B9CB-6B35CC13F6BC}
	EndGlobalSection
EndGlobal
